
Microsoft Visual Studio Solution File, Format Version 12.00
# Visual Studio Version 16
VisualStudioVersion = 16.0.30621.155
MinimumVisualStudioVersion = 10.0.40219.1
Project("{FAE04EC0-301F-11D3-BF4B-00C04F79EFBC}") = "C_vista", "Proyecto3\C_vista.csproj", "{48AD84CE-0560-4AE2-86AC-3524DFD818D3}"
EndProject
Project("{FAE04EC0-301F-11D3-BF4B-00C04F79EFBC}") = "C_controladores", "C_controladores\C_controladores.csproj", "{F28A8AE1-9073-444F-A7CF-97B3A7DA9E07}"
EndProject
Global
	GlobalSection(SolutionConfigurationPlatforms) = preSolution
		Debug|Any CPU = Debug|Any CPU
		Release|Any CPU = Release|Any CPU
	EndGlobalSection
	GlobalSection(ProjectConfigurationPlatforms) = postSolution
		{48AD84CE-0560-4AE2-86AC-3524DFD818D3}.Debug|Any CPU.ActiveCfg = Debug|Any CPU
		{48AD84CE-0560-4AE2-86AC-3524DFD818D3}.Debug|Any CPU.Build.0 = Debug|Any CPU
		{48AD84CE-0560-4AE2-86AC-3524DFD818D3}.Release|Any CPU.ActiveCfg = Release|Any CPU
		{48AD84CE-0560-4AE2-86AC-3524DFD818D3}.Release|Any CPU.Build.0 = Release|Any CPU
		{F28A8AE1-9073-444F-A7CF-97B3A7DA9E07}.Debug|Any CPU.ActiveCfg = Debug|Any CPU
		{F28A8AE1-9073-444F-A7CF-97B3A7DA9E07}.Debug|Any CPU.Build.0 = Debug|Any CPU
		{F28A8AE1-9073-444F-A7CF-97B3A7DA9E07}.Release|Any CPU.ActiveCfg = Release|Any CPU
		{F28A8AE1-9073-444F-A7CF-97B3A7DA9E07}.Release|Any CPU.Build.0 = Release|Any CPU
	EndGlobalSection
	GlobalSection(SolutionProperties) = preSolution
		HideSolutionNode = FALSE
	EndGlobalSection
	GlobalSection(ExtensibilityGlobals) = postSolution
		SolutionGuid = {37058667-8230-452B-8AE8-DCAED4DC6460}
	EndGlobalSection
EndGlobal
